
Microsoft Visual Studio Solution File, Format Version 12.00
# Visual Studio 2013
VisualStudioVersion = 12.0.31101.0
MinimumVisualStudioVersion = 10.0.40219.1
Project("{FAE04EC0-301F-11D3-BF4B-00C04F79EFBC}") = "SSOCloud", "SSOCloud\SSOCloud.csproj", "{899800AB-224E-4001-ADAA-C716C0DAA5DA}"
EndProject
Project("{2150E333-8FDC-42A3-9474-1A3956D46DE8}") = "PublishScripts", "PublishScripts", "{71970B52-F777-4F78-90E2-340B8C1F7682}"
	ProjectSection(SolutionItems) = preProject
		PublishScripts\AzureWebsitePublishModule.psm1 = PublishScripts\AzureWebsitePublishModule.psm1
		PublishScripts\Publish-WebApplicationWebsite.ps1 = PublishScripts\Publish-WebApplicationWebsite.ps1
	EndProjectSection
EndProject
Project("{2150E333-8FDC-42A3-9474-1A3956D46DE8}") = "Configurations", "Configurations", "{6E276A40-123E-43B7-BACD-6F9BD53BE2BF}"
	ProjectSection(SolutionItems) = preProject
		PublishScripts\Configurations\SSOCloud-WAWS-dev.json = PublishScripts\Configurations\SSOCloud-WAWS-dev.json
	EndProjectSection
EndProject
Global
	GlobalSection(SolutionConfigurationPlatforms) = preSolution
		Debug|Any CPU = Debug|Any CPU
		Release|Any CPU = Release|Any CPU
	EndGlobalSection
	GlobalSection(ProjectConfigurationPlatforms) = postSolution
		{899800AB-224E-4001-ADAA-C716C0DAA5DA}.Debug|Any CPU.ActiveCfg = Debug|Any CPU
		{899800AB-224E-4001-ADAA-C716C0DAA5DA}.Debug|Any CPU.Build.0 = Debug|Any CPU
		{899800AB-224E-4001-ADAA-C716C0DAA5DA}.Release|Any CPU.ActiveCfg = Release|Any CPU
		{899800AB-224E-4001-ADAA-C716C0DAA5DA}.Release|Any CPU.Build.0 = Release|Any CPU
	EndGlobalSection
	GlobalSection(SolutionProperties) = preSolution
		HideSolutionNode = FALSE
	EndGlobalSection
	GlobalSection(NestedProjects) = preSolution
		{6E276A40-123E-43B7-BACD-6F9BD53BE2BF} = {71970B52-F777-4F78-90E2-340B8C1F7682}
	EndGlobalSection
EndGlobal
